
Microsoft Visual Studio Solution File, Format Version 12.00
# Visual Studio Version 17
VisualStudioVersion = 17.14.36518.9 d17.14
MinimumVisualStudioVersion = 10.0.40219.1
Project("{FAE04EC0-301F-11D3-BF4B-00C04F79EFBC}") = "ConsoleAppLaba3", "ConsoleAppLaba3\ConsoleAppLaba3.csproj", "{C228A979-791F-4823-B05C-B4EA5A9B4791}"
EndProject
Global
	GlobalSection(SolutionConfigurationPlatforms) = preSolution
		Debug|Any CPU = Debug|Any CPU
		Release|Any CPU = Release|Any CPU
	EndGlobalSection
	GlobalSection(ProjectConfigurationPlatforms) = postSolution
		{C228A979-791F-4823-B05C-B4EA5A9B4791}.Debug|Any CPU.ActiveCfg = Debug|Any CPU
		{C228A979-791F-4823-B05C-B4EA5A9B4791}.Debug|Any CPU.Build.0 = Debug|Any CPU
		{C228A979-791F-4823-B05C-B4EA5A9B4791}.Release|Any CPU.ActiveCfg = Release|Any CPU
		{C228A979-791F-4823-B05C-B4EA5A9B4791}.Release|Any CPU.Build.0 = Release|Any CPU
	EndGlobalSection
	GlobalSection(SolutionProperties) = preSolution
		HideSolutionNode = FALSE
	EndGlobalSection
	GlobalSection(ExtensibilityGlobals) = postSolution
		SolutionGuid = {916E7AFF-D089-4D9F-AA4E-F99E53895724}
	EndGlobalSection
EndGlobal
