
Microsoft Visual Studio Solution File, Format Version 12.00
# Visual Studio Version 17
VisualStudioVersion = 17.14.36518.9 d17.14
MinimumVisualStudioVersion = 10.0.40219.1
Project("{FAE04EC0-301F-11D3-BF4B-00C04F79EFBC}") = "WindowsFormsAppLaba2", "WindowsFormsAppLaba2\WindowsFormsAppLaba2.csproj", "{35FA6995-71B8-4A51-A879-7A9A75052807}"
EndProject
Global
	GlobalSection(SolutionConfigurationPlatforms) = preSolution
		Debug|Any CPU = Debug|Any CPU
		Release|Any CPU = Release|Any CPU
	EndGlobalSection
	GlobalSection(ProjectConfigurationPlatforms) = postSolution
		{35FA6995-71B8-4A51-A879-7A9A75052807}.Debug|Any CPU.ActiveCfg = Debug|Any CPU
		{35FA6995-71B8-4A51-A879-7A9A75052807}.Debug|Any CPU.Build.0 = Debug|Any CPU
		{35FA6995-71B8-4A51-A879-7A9A75052807}.Release|Any CPU.ActiveCfg = Release|Any CPU
		{35FA6995-71B8-4A51-A879-7A9A75052807}.Release|Any CPU.Build.0 = Release|Any CPU
	EndGlobalSection
	GlobalSection(SolutionProperties) = preSolution
		HideSolutionNode = FALSE
	EndGlobalSection
	GlobalSection(ExtensibilityGlobals) = postSolution
		SolutionGuid = {8C580BD0-3944-4080-BA62-5C4D69C791DA}
	EndGlobalSection
EndGlobal
